
Microsoft Visual Studio Solution File, Format Version 12.00
# Visual Studio 15
Project("{FAE04EC0-301F-11D3-BF4B-00C04F79EFBC}") = "RazorPagesTutorial", "RazorPagesTutorial\RazorPagesTutorial.csproj", "{06C7470F-DD5F-4D9C-9C9D-0C05CA401AB6}"
EndProject
Project("{FAE04EC0-301F-11D3-BF4B-00C04F79EFBC}") = "RazorPageTModel", "RazorPageTModel\RazorPageTModel.csproj", "{4CC5C93A-7541-4153-B672-37120A06EAEF}"
EndProject
Project("{FAE04EC0-301F-11D3-BF4B-00C04F79EFBC}") = "RazorPageTServices", "RazorPageTServices\RazorPageTServices.csproj", "{25031667-61F0-43D4-81DC-4AF6609BF1D5}"
EndProject
Global
	GlobalSection(SolutionConfigurationPlatforms) = preSolution
		Debug|Any CPU = Debug|Any CPU
		Release|Any CPU = Release|Any CPU
	EndGlobalSection
	GlobalSection(ProjectConfigurationPlatforms) = postSolution
		{06C7470F-DD5F-4D9C-9C9D-0C05CA401AB6}.Debug|Any CPU.ActiveCfg = Debug|Any CPU
		{06C7470F-DD5F-4D9C-9C9D-0C05CA401AB6}.Debug|Any CPU.Build.0 = Debug|Any CPU
		{06C7470F-DD5F-4D9C-9C9D-0C05CA401AB6}.Release|Any CPU.ActiveCfg = Release|Any CPU
		{06C7470F-DD5F-4D9C-9C9D-0C05CA401AB6}.Release|Any CPU.Build.0 = Release|Any CPU
		{4CC5C93A-7541-4153-B672-37120A06EAEF}.Debug|Any CPU.ActiveCfg = Debug|Any CPU
		{4CC5C93A-7541-4153-B672-37120A06EAEF}.Debug|Any CPU.Build.0 = Debug|Any CPU
		{4CC5C93A-7541-4153-B672-37120A06EAEF}.Release|Any CPU.ActiveCfg = Release|Any CPU
		{4CC5C93A-7541-4153-B672-37120A06EAEF}.Release|Any CPU.Build.0 = Release|Any CPU
		{25031667-61F0-43D4-81DC-4AF6609BF1D5}.Debug|Any CPU.ActiveCfg = Debug|Any CPU
		{25031667-61F0-43D4-81DC-4AF6609BF1D5}.Debug|Any CPU.Build.0 = Debug|Any CPU
		{25031667-61F0-43D4-81DC-4AF6609BF1D5}.Release|Any CPU.ActiveCfg = Release|Any CPU
		{25031667-61F0-43D4-81DC-4AF6609BF1D5}.Release|Any CPU.Build.0 = Release|Any CPU
	EndGlobalSection
EndGlobal
